{
  "name": "@cloudblueconnect/country-flag-mapper",
  "version": "1.0.7",
  "lockfileVersion": 2,
  "requires": true,
  "packages": {
    "": {
      "name": "@cloudblueconnect/country-flag-mapper",
      "version": "1.0.7",
      "license": "Apache-2.0",
      "dependencies": {
        "flag-icons": "7.3.2"
      }
    },
    "node_modules/flag-icons": {
      "version": "7.3.2",
      "resolved": "https://registry.npmjs.org/flag-icons/-/flag-icons-7.3.2.tgz",
      "integrity": "sha512-QkaZ6Zvai8LIjx+UNAHUJ5Dhz9OLZpBDwCRWxF6YErxIcR16jTkIFm3bFu54EkvKQy4+wicW+Gm7/0631wVQyQ=="
    }
  },
  "dependencies": {
    "flag-icons": {
      "version": "7.3.2",
      "resolved": "https://registry.npmjs.org/flag-icons/-/flag-icons-7.3.2.tgz",
      "integrity": "sha512-QkaZ6Zvai8LIjx+UNAHUJ5Dhz9OLZpBDwCRWxF6YErxIcR16jTkIFm3bFu54EkvKQy4+wicW+Gm7/0631wVQyQ=="
    }
  }
}
