{
  "name": "@cloudblueconnect/country-flag-mapper",
  "version": "1.0.0",
  "lockfileVersion": 2,
  "requires": true,
  "packages": {
    "": {
      "name": "@cloudblueconnect/country-flag-mapper",
      "version": "1.0.0",
      "license": "Apache-2.0",
      "dependencies": {
        "flag-icons": "^6.1.1"
      }
    },
    "node_modules/flag-icons": {
      "version": "6.1.1",
      "resolved": "https://registry.npmjs.org/flag-icons/-/flag-icons-6.1.1.tgz",
      "integrity": "sha512-7QJaPXelUF5yLKppUvfqx915oLm2q6DVM037vrBzww4DjwzyVPooq74SLfPPsYabbN3kMPbDQstYjHrx8kBUPg=="
    }
  },
  "dependencies": {
    "flag-icons": {
      "version": "6.1.1",
      "resolved": "https://registry.npmjs.org/flag-icons/-/flag-icons-6.1.1.tgz",
      "integrity": "sha512-7QJaPXelUF5yLKppUvfqx915oLm2q6DVM037vrBzww4DjwzyVPooq74SLfPPsYabbN3kMPbDQstYjHrx8kBUPg=="
    }
  }
}
