{
  "name": "@cloudblueconnect/country-flag-mapper",
  "version": "1.0.6",
  "lockfileVersion": 2,
  "requires": true,
  "packages": {
    "": {
      "name": "@cloudblueconnect/country-flag-mapper",
      "version": "1.0.6",
      "license": "Apache-2.0",
      "dependencies": {
        "flag-icons": "6.11.1"
      }
    },
    "node_modules/flag-icons": {
      "version": "6.11.1",
      "resolved": "https://registry.npmjs.org/flag-icons/-/flag-icons-6.11.1.tgz",
      "integrity": "sha512-c2UMJTFZoVQ47/sE1mb+9b5S1pi8SjXsx0MR063O31GV+O2EN4FMwMdEYSQItpien2bl9w1viLUoo2R3r6OK3g=="
    }
  },
  "dependencies": {
    "flag-icons": {
      "version": "6.11.1",
      "resolved": "https://registry.npmjs.org/flag-icons/-/flag-icons-6.11.1.tgz",
      "integrity": "sha512-c2UMJTFZoVQ47/sE1mb+9b5S1pi8SjXsx0MR063O31GV+O2EN4FMwMdEYSQItpien2bl9w1viLUoo2R3r6OK3g=="
    }
  }
}
